# This file is generated by running "yarn install" inside your project.
# Manual changes might be lost - proceed with caution!

__metadata:
  version: 10
  cacheKey: 10

"@codemod.com/jssg-types@npm:^1.6.3":
  version: 1.6.3
  resolution: "@codemod.com/jssg-types@npm:1.6.3"
  checksum: 10/aca2148f1acad1039d7424c61249c987f82aa24638b17e594a67c4fddec609193b8e960d62132d3576413dc506affe7a2dcdbc62f44b7ea9e7d2bac4a510e4b9
  languageName: node
  linkType: hard

"sync-fs-to-async@workspace:.":
  version: 0.0.0-use.local
  resolution: "sync-fs-to-async@workspace:."
  dependencies:
    "@codemod.com/jssg-types": "npm:^1.6.3"
    typescript: "npm:^5.9.3"
  languageName: unknown
  linkType: soft

"typescript@npm:^5.9.3":
  version: 5.9.3
  resolution: "typescript@npm:5.9.3"
  bin:
    tsc: bin/tsc
    tsserver: bin/tsserver
  checksum: 10/c089d9d3da2729fd4ac517f9b0e0485914c4b3c26f80dc0cffcb5de1719a17951e92425d55db59515c1a7ddab65808466debb864d0d56dcf43f27007d0709594
  languageName: node
  linkType: hard

"typescript@patch:typescript@npm%3A^5.9.3#optional!builtin<compat/typescript>":
  version: 5.9.3
  resolution: "typescript@patch:typescript@npm%3A5.9.3#optional!builtin<compat/typescript>::version=5.9.3&hash=5786d5"
  bin:
    tsc: bin/tsc
    tsserver: bin/tsserver
  checksum: 10/696e1b017bc2635f4e0c94eb4435357701008e2f272f553d06e35b494b8ddc60aa221145e286c28ace0c89ee32827a28c2040e3a69bdc108b1a5dc8fb40b72e3
  languageName: node
  linkType: hard
